// !$*UTF8*$!
{
	archiveVersion = 1;
	classes = {
	};
	objectVersion = 46;
	objects = {

/* Begin PBXBuildFile section */
		3890BA40BAC7AD6BEB91AA29 /* Pods_RoboticsScout.framework in Frameworks */ = {isa = PBXBuildFile; fileRef = C1EC3A1236231306EBDE1F2A /* Pods_RoboticsScout.framework */; };
		9615C46D1CC431C1001F2B43 /* TeamStat+CoreDataProperties.swift in Sources */ = {isa = PBXBuildFile; fileRef = 9615C46C1CC431C1001F2B43 /* TeamStat+CoreDataProperties.swift */; };
		9615C4701CC43A46001F2B43 /* DataUpdate+CoreDataProperties.swift in Sources */ = {isa = PBXBuildFile; fileRef = 9615C46E1CC43A46001F2B43 /* DataUpdate+CoreDataProperties.swift */; };
		9615C4711CC43A46001F2B43 /* DataUpdate.swift in Sources */ = {isa = PBXBuildFile; fileRef = 9615C46F1CC43A46001F2B43 /* DataUpdate.swift */; };
		9670978D1CC47838007215E7 /* ScoutingEntry+CoreDataProperties.swift in Sources */ = {isa = PBXBuildFile; fileRef = 9670978B1CC47838007215E7 /* ScoutingEntry+CoreDataProperties.swift */; };
		9670978E1CC47838007215E7 /* ScoutingEntry.swift in Sources */ = {isa = PBXBuildFile; fileRef = 9670978C1CC47838007215E7 /* ScoutingEntry.swift */; };
		967097921CC47988007215E7 /* ScoutingEntryManger.swift in Sources */ = {isa = PBXBuildFile; fileRef = 967097911CC47988007215E7 /* ScoutingEntryManger.swift */; };
		9673DE291CC2E889003CD0FA /* WarriorServer.swift in Sources */ = {isa = PBXBuildFile; fileRef = 9673DE281CC2E889003CD0FA /* WarriorServer.swift */; };
		9673DE2B1CC2F616003CD0FA /* TeamInfoCell.swift in Sources */ = {isa = PBXBuildFile; fileRef = 9673DE2A1CC2F616003CD0FA /* TeamInfoCell.swift */; };
		9673DE2D1CC32DCD003CD0FA /* TeamDetailViewController.swift in Sources */ = {isa = PBXBuildFile; fileRef = 9673DE2C1CC32DCD003CD0FA /* TeamDetailViewController.swift */; };
		968100EA1CC24BB600E9E8C6 /* AERecord.framework in Frameworks */ = {isa = PBXBuildFile; fileRef = 968100E91CC24BB600E9E8C6 /* AERecord.framework */; };
		968100EC1CC24BBC00E9E8C6 /* AECoreDataUI.framework in Frameworks */ = {isa = PBXBuildFile; fileRef = 968100EB1CC24BBC00E9E8C6 /* AECoreDataUI.framework */; };
		968100EE1CC24BC100E9E8C6 /* Alamofire.framework in Frameworks */ = {isa = PBXBuildFile; fileRef = 968100ED1CC24BC100E9E8C6 /* Alamofire.framework */; };
		968100F01CC24BD300E9E8C6 /* CoreData.framework in Frameworks */ = {isa = PBXBuildFile; fileRef = 968100EF1CC24BD300E9E8C6 /* CoreData.framework */; };
		968100F41CC24EF500E9E8C6 /* TeamStat.swift in Sources */ = {isa = PBXBuildFile; fileRef = 968100F21CC24EF500E9E8C6 /* TeamStat.swift */; };
		968100F61CC253C500E9E8C6 /* LoginViewController.swift in Sources */ = {isa = PBXBuildFile; fileRef = 968100F51CC253C500E9E8C6 /* LoginViewController.swift */; };
		968100F81CC2645900E9E8C6 /* AddTeamsViewController.swift in Sources */ = {isa = PBXBuildFile; fileRef = 968100F71CC2645900E9E8C6 /* AddTeamsViewController.swift */; };
		9681E5F81CC54EB300B8F551 /* ExtraNoteViewController.swift in Sources */ = {isa = PBXBuildFile; fileRef = 9681E5F71CC54EB300B8F551 /* ExtraNoteViewController.swift */; };
		968AD21A1CC69A9F005D77C2 /* ExtraNoteTableViewCell.swift in Sources */ = {isa = PBXBuildFile; fileRef = 968AD2191CC69A9F005D77C2 /* ExtraNoteTableViewCell.swift */; };
		96FE726E1CC1B081000939E5 /* AppDelegate.swift in Sources */ = {isa = PBXBuildFile; fileRef = 96FE726D1CC1B081000939E5 /* AppDelegate.swift */; };
		96FE72731CC1B083000939E5 /* Main.storyboard in Resources */ = {isa = PBXBuildFile; fileRef = 96FE72711CC1B083000939E5 /* Main.storyboard */; };
		96FE72761CC1B083000939E5 /* RoboticsScout.xcdatamodeld in Sources */ = {isa = PBXBuildFile; fileRef = 96FE72741CC1B083000939E5 /* RoboticsScout.xcdatamodeld */; };
		96FE72781CC1B083000939E5 /* Assets.xcassets in Resources */ = {isa = PBXBuildFile; fileRef = 96FE72771CC1B083000939E5 /* Assets.xcassets */; };
		96FE727B1CC1B083000939E5 /* LaunchScreen.storyboard in Resources */ = {isa = PBXBuildFile; fileRef = 96FE72791CC1B083000939E5 /* LaunchScreen.storyboard */; };
		96FE72851CC1B22F000939E5 /* TeamListViewController.swift in Sources */ = {isa = PBXBuildFile; fileRef = 96FE72841CC1B22F000939E5 /* TeamListViewController.swift */; };
/* End PBXBuildFile section */

/* Begin PBXFileReference section */
		05805DAB3A21E5E37AC6DBA3 /* Pods-RoboticsScout.debug.xcconfig */ = {isa = PBXFileReference; includeInIndex = 1; lastKnownFileType = text.xcconfig; name = "Pods-RoboticsScout.debug.xcconfig"; path = "Pods/Target Support Files/Pods-RoboticsScout/Pods-RoboticsScout.debug.xcconfig"; sourceTree = "<group>"; };
		9615C46C1CC431C1001F2B43 /* TeamStat+CoreDataProperties.swift */ = {isa = PBXFileReference; fileEncoding = 4; lastKnownFileType = sourcecode.swift; path = "TeamStat+CoreDataProperties.swift"; sourceTree = "<group>"; };
		9615C46E1CC43A46001F2B43 /* DataUpdate+CoreDataProperties.swift */ = {isa = PBXFileReference; fileEncoding = 4; lastKnownFileType = sourcecode.swift; path = "DataUpdate+CoreDataProperties.swift"; sourceTree = "<group>"; };
		9615C46F1CC43A46001F2B43 /* DataUpdate.swift */ = {isa = PBXFileReference; fileEncoding = 4; lastKnownFileType = sourcecode.swift; path = DataUpdate.swift; sourceTree = "<group>"; };
		9670978B1CC47838007215E7 /* ScoutingEntry+CoreDataProperties.swift */ = {isa = PBXFileReference; fileEncoding = 4; lastKnownFileType = sourcecode.swift; path = "ScoutingEntry+CoreDataProperties.swift"; sourceTree = "<group>"; };
		9670978C1CC47838007215E7 /* ScoutingEntry.swift */ = {isa = PBXFileReference; fileEncoding = 4; lastKnownFileType = sourcecode.swift; path = ScoutingEntry.swift; sourceTree = "<group>"; };
		967097911CC47988007215E7 /* ScoutingEntryManger.swift */ = {isa = PBXFileReference; fileEncoding = 4; lastKnownFileType = sourcecode.swift; path = ScoutingEntryManger.swift; sourceTree = "<group>"; };
		9673DE281CC2E889003CD0FA /* WarriorServer.swift */ = {isa = PBXFileReference; fileEncoding = 4; lastKnownFileType = sourcecode.swift; path = WarriorServer.swift; sourceTree = "<group>"; };
		9673DE2A1CC2F616003CD0FA /* TeamInfoCell.swift */ = {isa = PBXFileReference; fileEncoding = 4; lastKnownFileType = sourcecode.swift; path = TeamInfoCell.swift; sourceTree = "<group>"; };
		9673DE2C1CC32DCD003CD0FA /* TeamDetailViewController.swift */ = {isa = PBXFileReference; fileEncoding = 4; lastKnownFileType = sourcecode.swift; path = TeamDetailViewController.swift; sourceTree = "<group>"; };
		968100E91CC24BB600E9E8C6 /* AERecord.framework */ = {isa = PBXFileReference; lastKnownFileType = wrapper.framework; name = AERecord.framework; path = "../../Library/Developer/Xcode/DerivedData/RoboticsScout-gqvpmcyfmojfwnesbezmktszmpla/Build/Products/Debug-iphonesimulator/AERecord/AERecord.framework"; sourceTree = "<group>"; };
		968100EB1CC24BBC00E9E8C6 /* AECoreDataUI.framework */ = {isa = PBXFileReference; lastKnownFileType = wrapper.framework; name = AECoreDataUI.framework; path = "../../Library/Developer/Xcode/DerivedData/RoboticsScout-gqvpmcyfmojfwnesbezmktszmpla/Build/Products/Debug-iphonesimulator/AECoreDataUI/AECoreDataUI.framework"; sourceTree = "<group>"; };
		968100ED1CC24BC100E9E8C6 /* Alamofire.framework */ = {isa = PBXFileReference; lastKnownFileType = wrapper.framework; name = Alamofire.framework; path = "../../Library/Developer/Xcode/DerivedData/RoboticsScout-gqvpmcyfmojfwnesbezmktszmpla/Build/Products/Debug-iphonesimulator/Alamofire/Alamofire.framework"; sourceTree = "<group>"; };
		968100EF1CC24BD300E9E8C6 /* CoreData.framework */ = {isa = PBXFileReference; lastKnownFileType = wrapper.framework; name = CoreData.framework; path = System/Library/Frameworks/CoreData.framework; sourceTree = SDKROOT; };
		968100F21CC24EF500E9E8C6 /* TeamStat.swift */ = {isa = PBXFileReference; fileEncoding = 4; lastKnownFileType = sourcecode.swift; path = TeamStat.swift; sourceTree = "<group>"; };
		968100F51CC253C500E9E8C6 /* LoginViewController.swift */ = {isa = PBXFileReference; fileEncoding = 4; lastKnownFileType = sourcecode.swift; path = LoginViewController.swift; sourceTree = "<group>"; };
		968100F71CC2645900E9E8C6 /* AddTeamsViewController.swift */ = {isa = PBXFileReference; fileEncoding = 4; lastKnownFileType = sourcecode.swift; path = AddTeamsViewController.swift; sourceTree = "<group>"; };
		9681E5F71CC54EB300B8F551 /* ExtraNoteViewController.swift */ = {isa = PBXFileReference; fileEncoding = 4; lastKnownFileType = sourcecode.swift; path = ExtraNoteViewController.swift; sourceTree = "<group>"; };
		968AD2191CC69A9F005D77C2 /* ExtraNoteTableViewCell.swift */ = {isa = PBXFileReference; fileEncoding = 4; lastKnownFileType = sourcecode.swift; path = ExtraNoteTableViewCell.swift; sourceTree = "<group>"; };
		96FE726A1CC1B080000939E5 /* RoboticsScout.app */ = {isa = PBXFileReference; explicitFileType = wrapper.application; includeInIndex = 0; path = RoboticsScout.app; sourceTree = BUILT_PRODUCTS_DIR; };
		96FE726D1CC1B081000939E5 /* AppDelegate.swift */ = {isa = PBXFileReference; lastKnownFileType = sourcecode.swift; path = AppDelegate.swift; sourceTree = "<group>"; };
		96FE72721CC1B083000939E5 /* Base */ = {isa = PBXFileReference; lastKnownFileType = file.storyboard; name = Base; path = Base.lproj/Main.storyboard; sourceTree = "<group>"; };
		96FE72751CC1B083000939E5 /* RoboticsScout.xcdatamodel */ = {isa = PBXFileReference; lastKnownFileType = wrapper.xcdatamodel; path = RoboticsScout.xcdatamodel; sourceTree = "<group>"; };
		96FE72771CC1B083000939E5 /* Assets.xcassets */ = {isa = PBXFileReference; lastKnownFileType = folder.assetcatalog; path = Assets.xcassets; sourceTree = "<group>"; };
		96FE727A1CC1B083000939E5 /* Base */ = {isa = PBXFileReference; lastKnownFileType = file.storyboard; name = Base; path = Base.lproj/LaunchScreen.storyboard; sourceTree = "<group>"; };
		96FE727C1CC1B083000939E5 /* Info.plist */ = {isa = PBXFileReference; lastKnownFileType = text.plist.xml; path = Info.plist; sourceTree = "<group>"; };
		96FE72841CC1B22F000939E5 /* TeamListViewController.swift */ = {isa = PBXFileReference; fileEncoding = 4; lastKnownFileType = sourcecode.swift; path = TeamListViewController.swift; sourceTree = "<group>"; };
		C1EC3A1236231306EBDE1F2A /* Pods_RoboticsScout.framework */ = {isa = PBXFileReference; explicitFileType = wrapper.framework; includeInIndex = 0; path = Pods_RoboticsScout.framework; sourceTree = BUILT_PRODUCTS_DIR; };
		EE36C0A4048C697830B26DFA /* Pods-RoboticsScout.release.xcconfig */ = {isa = PBXFileReference; includeInIndex = 1; lastKnownFileType = text.xcconfig; name = "Pods-RoboticsScout.release.xcconfig"; path = "Pods/Target Support Files/Pods-RoboticsScout/Pods-RoboticsScout.release.xcconfig"; sourceTree = "<group>"; };
/* End PBXFileReference section */

/* Begin PBXFrameworksBuildPhase section */
		96FE72671CC1B07F000939E5 /* Frameworks */ = {
			isa = PBXFrameworksBuildPhase;
			buildActionMask = 2147483647;
			files = (
				968100F01CC24BD300E9E8C6 /* CoreData.framework in Frameworks */,
				968100EE1CC24BC100E9E8C6 /* Alamofire.framework in Frameworks */,
				968100EC1CC24BBC00E9E8C6 /* AECoreDataUI.framework in Frameworks */,
				968100EA1CC24BB600E9E8C6 /* AERecord.framework in Frameworks */,
				3890BA40BAC7AD6BEB91AA29 /* Pods_RoboticsScout.framework in Frameworks */,
			);
			runOnlyForDeploymentPostprocessing = 0;
		};
/* End PBXFrameworksBuildPhase section */

/* Begin PBXGroup section */
		46266ACE0678AF9444FF2055 /* Pods */ = {
			isa = PBXGroup;
			children = (
				05805DAB3A21E5E37AC6DBA3 /* Pods-RoboticsScout.debug.xcconfig */,
				EE36C0A4048C697830B26DFA /* Pods-RoboticsScout.release.xcconfig */,
			);
			name = Pods;
			sourceTree = "<group>";
		};
		950BD4C0C78F4DD3002F5BE1 /* Frameworks */ = {
			isa = PBXGroup;
			children = (
				968100EF1CC24BD300E9E8C6 /* CoreData.framework */,
				968100ED1CC24BC100E9E8C6 /* Alamofire.framework */,
				968100EB1CC24BBC00E9E8C6 /* AECoreDataUI.framework */,
				968100E91CC24BB600E9E8C6 /* AERecord.framework */,
				C1EC3A1236231306EBDE1F2A /* Pods_RoboticsScout.framework */,
			);
			name = Frameworks;
			sourceTree = "<group>";
		};
		9670978F1CC4787F007215E7 /* CoreData */ = {
			isa = PBXGroup;
			children = (
				9615C46C1CC431C1001F2B43 /* TeamStat+CoreDataProperties.swift */,
				9670978B1CC47838007215E7 /* ScoutingEntry+CoreDataProperties.swift */,
				9670978C1CC47838007215E7 /* ScoutingEntry.swift */,
				9615C46E1CC43A46001F2B43 /* DataUpdate+CoreDataProperties.swift */,
				9615C46F1CC43A46001F2B43 /* DataUpdate.swift */,
				968100F21CC24EF500E9E8C6 /* TeamStat.swift */,
				96FE72741CC1B083000939E5 /* RoboticsScout.xcdatamodeld */,
			);
			name = CoreData;
			sourceTree = "<group>";
		};
		967097901CC47913007215E7 /* SupportFiles */ = {
			isa = PBXGroup;
			children = (
				96FE726D1CC1B081000939E5 /* AppDelegate.swift */,
				96FE727C1CC1B083000939E5 /* Info.plist */,
				96FE72771CC1B083000939E5 /* Assets.xcassets */,
				96FE72791CC1B083000939E5 /* LaunchScreen.storyboard */,
			);
			name = SupportFiles;
			sourceTree = "<group>";
		};
		96FE72611CC1B07F000939E5 = {
			isa = PBXGroup;
			children = (
				96FE726C1CC1B081000939E5 /* RoboticsScout */,
				96FE726B1CC1B080000939E5 /* Products */,
				46266ACE0678AF9444FF2055 /* Pods */,
				950BD4C0C78F4DD3002F5BE1 /* Frameworks */,
			);
			sourceTree = "<group>";
		};
		96FE726B1CC1B080000939E5 /* Products */ = {
			isa = PBXGroup;
			children = (
				96FE726A1CC1B080000939E5 /* RoboticsScout.app */,
			);
			name = Products;
			sourceTree = "<group>";
		};
		96FE726C1CC1B081000939E5 /* RoboticsScout */ = {
			isa = PBXGroup;
			children = (
				96FE72711CC1B083000939E5 /* Main.storyboard */,
				9673DE2C1CC32DCD003CD0FA /* TeamDetailViewController.swift */,
				96FE72841CC1B22F000939E5 /* TeamListViewController.swift */,
				968100F71CC2645900E9E8C6 /* AddTeamsViewController.swift */,
				968100F51CC253C500E9E8C6 /* LoginViewController.swift */,
				967097911CC47988007215E7 /* ScoutingEntryManger.swift */,
				9673DE281CC2E889003CD0FA /* WarriorServer.swift */,
				9681E5F71CC54EB300B8F551 /* ExtraNoteViewController.swift */,
				968AD2191CC69A9F005D77C2 /* ExtraNoteTableViewCell.swift */,
				9673DE2A1CC2F616003CD0FA /* TeamInfoCell.swift */,
				967097901CC47913007215E7 /* SupportFiles */,
				9670978F1CC4787F007215E7 /* CoreData */,
			);
			path = RoboticsScout;
			sourceTree = "<group>";
		};
/* End PBXGroup section */

/* Begin PBXNativeTarget section */
		96FE72691CC1B07F000939E5 /* RoboticsScout */ = {
			isa = PBXNativeTarget;
			buildConfigurationList = 96FE727F1CC1B083000939E5 /* Build configuration list for PBXNativeTarget "RoboticsScout" */;
			buildPhases = (
				C2A9EB8E578836254CB4F190 /* 📦 Check Pods Manifest.lock */,
				96FE72661CC1B07F000939E5 /* Sources */,
				96FE72671CC1B07F000939E5 /* Frameworks */,
				96FE72681CC1B07F000939E5 /* Resources */,
				FD79B2E1FA83C93C8DA815AD /* 📦 Embed Pods Frameworks */,
				2DE7C76C8B6CFEC6E18D3D86 /* 📦 Copy Pods Resources */,
			);
			buildRules = (
			);
			dependencies = (
			);
			name = RoboticsScout;
			productName = RoboticsScout;
			productReference = 96FE726A1CC1B080000939E5 /* RoboticsScout.app */;
			productType = "com.apple.product-type.application";
		};
/* End PBXNativeTarget section */

/* Begin PBXProject section */
		96FE72621CC1B07F000939E5 /* Project object */ = {
			isa = PBXProject;
			attributes = {
				LastSwiftUpdateCheck = 0730;
				LastUpgradeCheck = 0730;
				ORGANIZATIONNAME = "Peiliang Guo";
				TargetAttributes = {
					96FE72691CC1B07F000939E5 = {
						CreatedOnToolsVersion = 7.3;
						DevelopmentTeam = VN5PBBVFWW;
					};
				};
			};
			buildConfigurationList = 96FE72651CC1B07F000939E5 /* Build configuration list for PBXProject "RoboticsScout" */;
			compatibilityVersion = "Xcode 3.2";
			developmentRegion = English;
			hasScannedForEncodings = 0;
			knownRegions = (
				en,
				Base,
			);
			mainGroup = 96FE72611CC1B07F000939E5;
			productRefGroup = 96FE726B1CC1B080000939E5 /* Products */;
			projectDirPath = "";
			projectRoot = "";
			targets = (
				96FE72691CC1B07F000939E5 /* RoboticsScout */,
			);
		};
/* End PBXProject section */

/* Begin PBXResourcesBuildPhase section */
		96FE72681CC1B07F000939E5 /* Resources */ = {
			isa = PBXResourcesBuildPhase;
			buildActionMask = 2147483647;
			files = (
				96FE727B1CC1B083000939E5 /* LaunchScreen.storyboard in Resources */,
				96FE72781CC1B083000939E5 /* Assets.xcassets in Resources */,
				96FE72731CC1B083000939E5 /* Main.storyboard in Resources */,
			);
			runOnlyForDeploymentPostprocessing = 0;
		};
/* End PBXResourcesBuildPhase section */

/* Begin PBXShellScriptBuildPhase section */
		2DE7C76C8B6CFEC6E18D3D86 /* 📦 Copy Pods Resources */ = {
			isa = PBXShellScriptBuildPhase;
			buildActionMask = 2147483647;
			files = (
			);
			inputPaths = (
			);
			name = "📦 Copy Pods Resources";
			outputPaths = (
			);
			runOnlyForDeploymentPostprocessing = 0;
			shellPath = /bin/sh;
			shellScript = "\"${SRCROOT}/Pods/Target Support Files/Pods-RoboticsScout/Pods-RoboticsScout-resources.sh\"\n";
			showEnvVarsInLog = 0;
		};
		C2A9EB8E578836254CB4F190 /* 📦 Check Pods Manifest.lock */ = {
			isa = PBXShellScriptBuildPhase;
			buildActionMask = 2147483647;
			files = (
			);
			inputPaths = (
			);
			name = "📦 Check Pods Manifest.lock";
			outputPaths = (
			);
			runOnlyForDeploymentPostprocessing = 0;
			shellPath = /bin/sh;
			shellScript = "diff \"${PODS_ROOT}/../Podfile.lock\" \"${PODS_ROOT}/Manifest.lock\" > /dev/null\nif [[ $? != 0 ]] ; then\n    cat << EOM\nerror: The sandbox is not in sync with the Podfile.lock. Run 'pod install' or update your CocoaPods installation.\nEOM\n    exit 1\nfi\n";
			showEnvVarsInLog = 0;
		};
		FD79B2E1FA83C93C8DA815AD /* 📦 Embed Pods Frameworks */ = {
			isa = PBXShellScriptBuildPhase;
			buildActionMask = 2147483647;
			files = (
			);
			inputPaths = (
			);
			name = "📦 Embed Pods Frameworks";
			outputPaths = (
			);
			runOnlyForDeploymentPostprocessing = 0;
			shellPath = /bin/sh;
			shellScript = "\"${SRCROOT}/Pods/Target Support Files/Pods-RoboticsScout/Pods-RoboticsScout-frameworks.sh\"\n";
			showEnvVarsInLog = 0;
		};
/* End PBXShellScriptBuildPhase section */

/* Begin PBXSourcesBuildPhase section */
		96FE72661CC1B07F000939E5 /* Sources */ = {
			isa = PBXSourcesBuildPhase;
			buildActionMask = 2147483647;
			files = (
				9670978E1CC47838007215E7 /* ScoutingEntry.swift in Sources */,
				9681E5F81CC54EB300B8F551 /* ExtraNoteViewController.swift in Sources */,
				967097921CC47988007215E7 /* ScoutingEntryManger.swift in Sources */,
				968100F61CC253C500E9E8C6 /* LoginViewController.swift in Sources */,
				968100F81CC2645900E9E8C6 /* AddTeamsViewController.swift in Sources */,
				9670978D1CC47838007215E7 /* ScoutingEntry+CoreDataProperties.swift in Sources */,
				9615C4701CC43A46001F2B43 /* DataUpdate+CoreDataProperties.swift in Sources */,
				9673DE2B1CC2F616003CD0FA /* TeamInfoCell.swift in Sources */,
				9673DE2D1CC32DCD003CD0FA /* TeamDetailViewController.swift in Sources */,
				968100F41CC24EF500E9E8C6 /* TeamStat.swift in Sources */,
				9615C46D1CC431C1001F2B43 /* TeamStat+CoreDataProperties.swift in Sources */,
				9615C4711CC43A46001F2B43 /* DataUpdate.swift in Sources */,
				968AD21A1CC69A9F005D77C2 /* ExtraNoteTableViewCell.swift in Sources */,
				9673DE291CC2E889003CD0FA /* WarriorServer.swift in Sources */,
				96FE72851CC1B22F000939E5 /* TeamListViewController.swift in Sources */,
				96FE72761CC1B083000939E5 /* RoboticsScout.xcdatamodeld in Sources */,
				96FE726E1CC1B081000939E5 /* AppDelegate.swift in Sources */,
			);
			runOnlyForDeploymentPostprocessing = 0;
		};
/* End PBXSourcesBuildPhase section */

/* Begin PBXVariantGroup section */
		96FE72711CC1B083000939E5 /* Main.storyboard */ = {
			isa = PBXVariantGroup;
			children = (
				96FE72721CC1B083000939E5 /* Base */,
			);
			name = Main.storyboard;
			sourceTree = "<group>";
		};
		96FE72791CC1B083000939E5 /* LaunchScreen.storyboard */ = {
			isa = PBXVariantGroup;
			children = (
				96FE727A1CC1B083000939E5 /* Base */,
			);
			name = LaunchScreen.storyboard;
			sourceTree = "<group>";
		};
/* End PBXVariantGroup section */

/* Begin XCBuildConfiguration section */
		96FE727D1CC1B083000939E5 /* Debug */ = {
			isa = XCBuildConfiguration;
			buildSettings = {
				ALWAYS_SEARCH_USER_PATHS = NO;
				CLANG_ANALYZER_NONNULL = YES;
				CLANG_CXX_LANGUAGE_STANDARD = "gnu++0x";
				CLANG_CXX_LIBRARY = "libc++";
				CLANG_ENABLE_MODULES = YES;
				CLANG_ENABLE_OBJC_ARC = YES;
				CLANG_WARN_BOOL_CONVERSION = YES;
				CLANG_WARN_CONSTANT_CONVERSION = YES;
				CLANG_WARN_DIRECT_OBJC_ISA_USAGE = YES_ERROR;
				CLANG_WARN_EMPTY_BODY = YES;
				CLANG_WARN_ENUM_CONVERSION = YES;
				CLANG_WARN_INT_CONVERSION = YES;
				CLANG_WARN_OBJC_ROOT_CLASS = YES_ERROR;
				CLANG_WARN_UNREACHABLE_CODE = YES;
				CLANG_WARN__DUPLICATE_METHOD_MATCH = YES;
				"CODE_SIGN_IDENTITY[sdk=iphoneos*]" = "iPhone Developer";
				COPY_PHASE_STRIP = NO;
				DEBUG_INFORMATION_FORMAT = dwarf;
				ENABLE_STRICT_OBJC_MSGSEND = YES;
				ENABLE_TESTABILITY = YES;
				GCC_C_LANGUAGE_STANDARD = gnu99;
				GCC_DYNAMIC_NO_PIC = NO;
				GCC_NO_COMMON_BLOCKS = YES;
				GCC_OPTIMIZATION_LEVEL = 0;
				GCC_PREPROCESSOR_DEFINITIONS = (
					"DEBUG=1",
					"$(inherited)",
				);
				GCC_WARN_64_TO_32_BIT_CONVERSION = YES;
				GCC_WARN_ABOUT_RETURN_TYPE = YES_ERROR;
				GCC_WARN_UNDECLARED_SELECTOR = YES;
				GCC_WARN_UNINITIALIZED_AUTOS = YES_AGGRESSIVE;
				GCC_WARN_UNUSED_FUNCTION = YES;
				GCC_WARN_UNUSED_VARIABLE = YES;
				IPHONEOS_DEPLOYMENT_TARGET = 9.3;
				MTL_ENABLE_DEBUG_INFO = YES;
				ONLY_ACTIVE_ARCH = YES;
				SDKROOT = iphoneos;
				SWIFT_OPTIMIZATION_LEVEL = "-Onone";
			};
			name = Debug;
		};
		96FE727E1CC1B083000939E5 /* Release */ = {
			isa = XCBuildConfiguration;
			buildSettings = {
				ALWAYS_SEARCH_USER_PATHS = NO;
				CLANG_ANALYZER_NONNULL = YES;
				CLANG_CXX_LANGUAGE_STANDARD = "gnu++0x";
				CLANG_CXX_LIBRARY = "libc++";
				CLANG_ENABLE_MODULES = YES;
				CLANG_ENABLE_OBJC_ARC = YES;
				CLANG_WARN_BOOL_CONVERSION = YES;
				CLANG_WARN_CONSTANT_CONVERSION = YES;
				CLANG_WARN_DIRECT_OBJC_ISA_USAGE = YES_ERROR;
				CLANG_WARN_EMPTY_BODY = YES;
				CLANG_WARN_ENUM_CONVERSION = YES;
				CLANG_WARN_INT_CONVERSION = YES;
				CLANG_WARN_OBJC_ROOT_CLASS = YES_ERROR;
				CLANG_WARN_UNREACHABLE_CODE = YES;
				CLANG_WARN__DUPLICATE_METHOD_MATCH = YES;
				"CODE_SIGN_IDENTITY[sdk=iphoneos*]" = "iPhone Developer";
				COPY_PHASE_STRIP = NO;
				DEBUG_INFORMATION_FORMAT = "dwarf-with-dsym";
				ENABLE_NS_ASSERTIONS = NO;
				ENABLE_STRICT_OBJC_MSGSEND = YES;
				GCC_C_LANGUAGE_STANDARD = gnu99;
				GCC_NO_COMMON_BLOCKS = YES;
				GCC_WARN_64_TO_32_BIT_CONVERSION = YES;
				GCC_WARN_ABOUT_RETURN_TYPE = YES_ERROR;
				GCC_WARN_UNDECLARED_SELECTOR = YES;
				GCC_WARN_UNINITIALIZED_AUTOS = YES_AGGRESSIVE;
				GCC_WARN_UNUSED_FUNCTION = YES;
				GCC_WARN_UNUSED_VARIABLE = YES;
				IPHONEOS_DEPLOYMENT_TARGET = 9.3;
				MTL_ENABLE_DEBUG_INFO = NO;
				SDKROOT = iphoneos;
				VALIDATE_PRODUCT = YES;
			};
			name = Release;
		};
		96FE72801CC1B083000939E5 /* Debug */ = {
			isa = XCBuildConfiguration;
			baseConfigurationReference = 05805DAB3A21E5E37AC6DBA3 /* Pods-RoboticsScout.debug.xcconfig */;
			buildSettings = {
				ASSETCATALOG_COMPILER_APPICON_NAME = AppIcon;
				CODE_SIGN_IDENTITY = "iPhone Developer";
				HEADER_SEARCH_PATHS = "";
				INFOPLIST_FILE = RoboticsScout/Info.plist;
				IPHONEOS_DEPLOYMENT_TARGET = 8.0;
				LD_RUNPATH_SEARCH_PATHS = "$(inherited) @executable_path/Frameworks";
				PRODUCT_BUNDLE_IDENTIFIER = com.candong.RoboticsScout;
				PRODUCT_NAME = "$(TARGET_NAME)";
				TARGETED_DEVICE_FAMILY = "1,2";
			};
			name = Debug;
		};
		96FE72811CC1B083000939E5 /* Release */ = {
			isa = XCBuildConfiguration;
			baseConfigurationReference = EE36C0A4048C697830B26DFA /* Pods-RoboticsScout.release.xcconfig */;
			buildSettings = {
				ASSETCATALOG_COMPILER_APPICON_NAME = AppIcon;
				CODE_SIGN_IDENTITY = "iPhone Developer";
				HEADER_SEARCH_PATHS = "";
				INFOPLIST_FILE = RoboticsScout/Info.plist;
				IPHONEOS_DEPLOYMENT_TARGET = 8.0;
				LD_RUNPATH_SEARCH_PATHS = "$(inherited) @executable_path/Frameworks";
				PRODUCT_BUNDLE_IDENTIFIER = com.candong.RoboticsScout;
				PRODUCT_NAME = "$(TARGET_NAME)";
				TARGETED_DEVICE_FAMILY = "1,2";
			};
			name = Release;
		};
/* End XCBuildConfiguration section */

/* Begin XCConfigurationList section */
		96FE72651CC1B07F000939E5 /* Build configuration list for PBXProject "RoboticsScout" */ = {
			isa = XCConfigurationList;
			buildConfigurations = (
				96FE727D1CC1B083000939E5 /* Debug */,
				96FE727E1CC1B083000939E5 /* Release */,
			);
			defaultConfigurationIsVisible = 0;
			defaultConfigurationName = Release;
		};
		96FE727F1CC1B083000939E5 /* Build configuration list for PBXNativeTarget "RoboticsScout" */ = {
			isa = XCConfigurationList;
			buildConfigurations = (
				96FE72801CC1B083000939E5 /* Debug */,
				96FE72811CC1B083000939E5 /* Release */,
			);
			defaultConfigurationIsVisible = 0;
			defaultConfigurationName = Release;
		};
/* End XCConfigurationList section */

/* Begin XCVersionGroup section */
		96FE72741CC1B083000939E5 /* RoboticsScout.xcdatamodeld */ = {
			isa = XCVersionGroup;
			children = (
				96FE72751CC1B083000939E5 /* RoboticsScout.xcdatamodel */,
			);
			currentVersion = 96FE72751CC1B083000939E5 /* RoboticsScout.xcdatamodel */;
			path = RoboticsScout.xcdatamodeld;
			sourceTree = "<group>";
			versionGroupType = wrapper.xcdatamodel;
		};
/* End XCVersionGroup section */
	};
	rootObject = 96FE72621CC1B07F000939E5 /* Project object */;
}
